<?xml version="1.0" encoding="utf-8"?>
<Project ToolsVersion="4.0" xmlns="http://schemas.microsoft.com/developer/msbuild/2003">
  <ItemGroup>
    <Filter Include="Source Files">
      <UniqueIdentifier>{4FC737F1-C7A5-4376-A066-2A32D752A2FF}</UniqueIdentifier>
      <Extensions>cpp;c;cc;cxx;c++;def;odl;idl;hpj;bat;asm;asmx</Extensions>
    </Filter>
    <Filter Include="Header Files">
      <UniqueIdentifier>{93995380-89BD-4b04-88EB-625FBE52EBFB}</UniqueIdentifier>
      <Extensions>h;hh;hpp;hxx;h++;hm;inl;inc;ipp;xsd</Extensions>
    </Filter>
    <Filter Include="Resource Files">
      <UniqueIdentifier>{67DA6AB6-F800-4c08-8B7A-83BB121AAD01}</UniqueIdentifier>
      <Extensions>rc;ico;cur;bmp;dlg;rc2;rct;bin;rgs;gif;jpg;jpeg;jpe;resx;tiff;tif;png;wav;mfcribbon-ms</Extensions>
    </Filter>
  </ItemGroup>
  <ItemGroup>
    <ClInclude Include="IMGPromotionCountVerifier.h">
      <Filter>Header Files</Filter>
    </ClInclude>
    <ClInclude Include="IMGPromotionCountVerifierDlg.h">
      <Filter>Header Files</Filter>
    </ClInclude>
    <ClInclude Include="framework.h">
      <Filter>Header Files</Filter>
    </ClInclude>
    <ClInclude Include="Resource.h">
      <Filter>Header Files</Filter>
    </ClInclude>
    <ClInclude Include="pch.h">
      <Filter>Header Files</Filter>
    </ClInclude>
    <ClInclude Include="CListCtrlCustomized.h">
      <Filter>Header Files</Filter>
    </ClInclude>
    <ClInclude Include="CDialogReportSalesDlg.h">
      <Filter>Header Files</Filter>
    </ClInclude>
    <ClInclude Include="CDialogReportRecruitsDlg.h">
      <Filter>Header Files</Filter>
    </ClInclude>
    <ClInclude Include="CMembersProfileDlg.h">
      <Filter>Header Files</Filter>
    </ClInclude>
    <ClInclude Include="CustomHeader.h">
      <Filter>Header Files</Filter>
    </ClInclude>
    <ClInclude Include="CQuickSort.h">
      <Filter>Header Files</Filter>
    </ClInclude>
    <ClInclude Include="DropEdit.h">
      <Filter>Header Files</Filter>
    </ClInclude>
    <ClInclude Include="targetver.h">
      <Filter>Resource Files</Filter>
    </ClInclude>
    <ClInclude Include="stdafx.h">
      <Filter>Header Files</Filter>
    </ClInclude>
    <ClInclude Include="CTimeManipulation.h">
      <Filter>Header Files</Filter>
    </ClInclude>
    <ClInclude Include="CPlanHoldersInformationDlg.h">
      <Filter>Header Files</Filter>
    </ClInclude>
    <ClInclude Include="CCustomClock.h">
      <Filter>Header Files</Filter>
    </ClInclude>
    <ClInclude Include="CParentPropertySheet.h">
      <Filter>Header Files</Filter>
    </ClInclude>
    <ClInclude Include="CPromoteeInfoDlg.h">
      <Filter>Header Files</Filter>
    </ClInclude>
    <ClInclude Include="CFileDirectory.h">
      <Filter>Header Files</Filter>
    </ClInclude>
    <ClInclude Include="CPrintDialogCustomized.h">
      <Filter>Header Files</Filter>
    </ClInclude>
    <ClInclude Include="CPrintMatrix.h">
      <Filter>Header Files</Filter>
    </ClInclude>
    <ClInclude Include="IMGGeneratePromotionSheetsDlg.h">
      <Filter>Header Files</Filter>
    </ClInclude>
  </ItemGroup>
  <ItemGroup>
    <ClCompile Include="IMGPromotionCountVerifier.cpp">
      <Filter>Source Files</Filter>
    </ClCompile>
    <ClCompile Include="IMGPromotionCountVerifierDlg.cpp">
      <Filter>Source Files</Filter>
    </ClCompile>
    <ClCompile Include="pch.cpp">
      <Filter>Source Files</Filter>
    </ClCompile>
    <ClCompile Include="CListCtrlCustomized.cpp">
      <Filter>Source Files</Filter>
    </ClCompile>
    <ClCompile Include="CDialogReportSalesDlg.cpp">
      <Filter>Source Files</Filter>
    </ClCompile>
    <ClCompile Include="CDialogReportRecruitsDlg.cpp">
      <Filter>Source Files</Filter>
    </ClCompile>
    <ClCompile Include="CMembersProfileDlg.cpp">
      <Filter>Source Files</Filter>
    </ClCompile>
    <ClCompile Include="CQuickSort.cpp">
      <Filter>Source Files</Filter>
    </ClCompile>
    <ClCompile Include="DropEdit.cpp">
      <Filter>Source Files</Filter>
    </ClCompile>
    <ClCompile Include="CTimeManipulation.cpp">
      <Filter>Source Files</Filter>
    </ClCompile>
    <ClCompile Include="CPlanHoldersInformationDlg.cpp">
      <Filter>Source Files</Filter>
    </ClCompile>
    <ClCompile Include="CCustomClock.cpp">
      <Filter>Source Files</Filter>
    </ClCompile>
    <ClCompile Include="CParentPropertySheet.cpp">
      <Filter>Source Files</Filter>
    </ClCompile>
    <ClCompile Include="CPromoteeInfoDlg.cpp">
      <Filter>Source Files</Filter>
    </ClCompile>
    <ClCompile Include="CFileDirectory.cpp">
      <Filter>Source Files</Filter>
    </ClCompile>
    <ClCompile Include="CPrintDialogCustomized.cpp">
      <Filter>Source Files</Filter>
    </ClCompile>
    <ClCompile Include="CPrintMatrix.cpp">
      <Filter>Source Files</Filter>
    </ClCompile>
    <ClCompile Include="IMGGeneratePromotionSheetsDlg.cpp">
      <Filter>Source Files</Filter>
    </ClCompile>
  </ItemGroup>
  <ItemGroup>
    <ResourceCompile Include="IMGPromotionCountVerifier.rc">
      <Filter>Resource Files</Filter>
    </ResourceCompile>
  </ItemGroup>
  <ItemGroup>
    <None Include="res\IMGPromotionCountVerifier.rc2">
      <Filter>Resource Files</Filter>
    </None>
  </ItemGroup>
  <ItemGroup>
    <Image Include="res\IMGPromotionCountVerifier.ico">
      <Filter>Resource Files</Filter>
    </Image>
    <Image Include="res\IMGLOGO.bmp">
      <Filter>Resource Files</Filter>
    </Image>
    <Image Include="res\bitmap1.bmp">
      <Filter>Resource Files</Filter>
    </Image>
    <Image Include="res\Open.bmp">
      <Filter>Resource Files</Filter>
    </Image>
    <Image Include="res\OpenMask.bmp">
      <Filter>Resource Files</Filter>
    </Image>
    <Image Include="res\Open2.bmp">
      <Filter>Resource Files</Filter>
    </Image>
    <Image Include="res\Open2Mask.bmp">
      <Filter>Resource Files</Filter>
    </Image>
  </ItemGroup>
</Project>